
Microsoft Visual Studio Solution File, Format Version 12.00
# Visual Studio Version 16
VisualStudioVersion = 16.0.32002.261
MinimumVisualStudioVersion = 10.0.40219.1
Project("{FAE04EC0-301F-11D3-BF4B-00C04F79EFBC}") = "Pizzeria.API", "Pizzeria.API\Pizzeria.API.csproj", "{783009B8-03CC-48ED-8CC5-2160775BB5DF}"
EndProject
Project("{FAE04EC0-301F-11D3-BF4B-00C04F79EFBC}") = "Pizzeria.Application", "Pizzeria.Application\Pizzeria.Application.csproj", "{DE33FAB9-D5E1-4D0D-842C-F1DAF591438D}"
EndProject
Project("{FAE04EC0-301F-11D3-BF4B-00C04F79EFBC}") = "Pizzeria.Common", "Pizzeria.Common\Pizzeria.Common.csproj", "{4FE477E7-CD68-4C39-AD49-7358A53FE4F5}"
EndProject
Project("{FAE04EC0-301F-11D3-BF4B-00C04F79EFBC}") = "Pizzeria.Repository", "Pizzeria.Repository\Pizzeria.Repository.csproj", "{08569E63-4826-4125-937A-9F333A3B38B1}"
EndProject
Global
	GlobalSection(SolutionConfigurationPlatforms) = preSolution
		Debug|Any CPU = Debug|Any CPU
		Release|Any CPU = Release|Any CPU
	EndGlobalSection
	GlobalSection(ProjectConfigurationPlatforms) = postSolution
		{783009B8-03CC-48ED-8CC5-2160775BB5DF}.Debug|Any CPU.ActiveCfg = Debug|Any CPU
		{783009B8-03CC-48ED-8CC5-2160775BB5DF}.Debug|Any CPU.Build.0 = Debug|Any CPU
		{783009B8-03CC-48ED-8CC5-2160775BB5DF}.Release|Any CPU.ActiveCfg = Release|Any CPU
		{783009B8-03CC-48ED-8CC5-2160775BB5DF}.Release|Any CPU.Build.0 = Release|Any CPU
		{DE33FAB9-D5E1-4D0D-842C-F1DAF591438D}.Debug|Any CPU.ActiveCfg = Debug|Any CPU
		{DE33FAB9-D5E1-4D0D-842C-F1DAF591438D}.Debug|Any CPU.Build.0 = Debug|Any CPU
		{DE33FAB9-D5E1-4D0D-842C-F1DAF591438D}.Release|Any CPU.ActiveCfg = Release|Any CPU
		{DE33FAB9-D5E1-4D0D-842C-F1DAF591438D}.Release|Any CPU.Build.0 = Release|Any CPU
		{4FE477E7-CD68-4C39-AD49-7358A53FE4F5}.Debug|Any CPU.ActiveCfg = Debug|Any CPU
		{4FE477E7-CD68-4C39-AD49-7358A53FE4F5}.Debug|Any CPU.Build.0 = Debug|Any CPU
		{4FE477E7-CD68-4C39-AD49-7358A53FE4F5}.Release|Any CPU.ActiveCfg = Release|Any CPU
		{4FE477E7-CD68-4C39-AD49-7358A53FE4F5}.Release|Any CPU.Build.0 = Release|Any CPU
		{08569E63-4826-4125-937A-9F333A3B38B1}.Debug|Any CPU.ActiveCfg = Debug|Any CPU
		{08569E63-4826-4125-937A-9F333A3B38B1}.Debug|Any CPU.Build.0 = Debug|Any CPU
		{08569E63-4826-4125-937A-9F333A3B38B1}.Release|Any CPU.ActiveCfg = Release|Any CPU
		{08569E63-4826-4125-937A-9F333A3B38B1}.Release|Any CPU.Build.0 = Release|Any CPU
	EndGlobalSection
	GlobalSection(SolutionProperties) = preSolution
		HideSolutionNode = FALSE
	EndGlobalSection
	GlobalSection(ExtensibilityGlobals) = postSolution
		SolutionGuid = {1A6BC3DB-5B9B-41E5-8B24-37AAD0E4B044}
	EndGlobalSection
EndGlobal
